{
  "version": 4,
  "terraform_version": "1.5.4",
  "serial": 79,
  "lineage": "4af3c876-48e0-53de-12d2-0da810d4905a",
  "outputs": {},
  "resources": [
    {
      "mode": "managed",
      "type": "google_container_cluster",
      "name": "example",
      "provider": "provider[\"registry.terraform.io/hashicorp/google\"]",
      "instances": [
        {
          "schema_version": 1,
          "attributes": {
            "addons_config": [
              {
                "cloudrun_config": [],
                "config_connector_config": [],
                "dns_cache_config": [],
                "gce_persistent_disk_csi_driver_config": [
                  {
                    "enabled": true
                  }
                ],
                "gcp_filestore_csi_driver_config": [],
                "gcs_fuse_csi_driver_config": [],
                "gke_backup_agent_config": [],
                "horizontal_pod_autoscaling": [],
                "http_load_balancing": [],
                "network_policy_config": [
                  {
                    "disabled": true
                  }
                ]
              }
            ],
            "allow_net_admin": null,
            "authenticator_groups_config": [],
            "binary_authorization": [
              {
                "enabled": false,
                "evaluation_mode": ""
              }
            ],
            "cluster_autoscaling": [
              {
                "auto_provisioning_defaults": [],
                "enabled": false,
                "resource_limits": []
              }
            ],
            "cluster_ipv4_cidr": "10.0.0.0/14",
            "confidential_nodes": [],
            "cost_management_config": [],
            "database_encryption": [
              {
                "key_name": "",
                "state": "DECRYPTED"
              }
            ],
            "datapath_provider": "",
            "default_max_pods_per_node": null,
            "default_snat_status": [
              {
                "disabled": false
              }
            ],
            "description": "",
            "dns_config": [],
            "enable_autopilot": false,
            "enable_binary_authorization": false,
            "enable_intranode_visibility": false,
            "enable_k8s_beta_apis": [],
            "enable_kubernetes_alpha": false,
            "enable_l4_ilb_subsetting": false,
            "enable_legacy_abac": false,
            "enable_shielded_nodes": true,
            "enable_tpu": false,
            "endpoint": "35.240.69.86",
            "gateway_api_config": [],
            "id": "projects/neural-virtue-393306/locations/europe-west1/clusters/flask-app-cluster",
            "initial_node_count": 1,
            "ip_allocation_policy": [],
            "label_fingerprint": "a9dc16a7",
            "location": "europe-west1",
            "logging_config": [
              {
                "enable_components": [
                  "SYSTEM_COMPONENTS",
                  "WORKLOADS"
                ]
              }
            ],
            "logging_service": "logging.googleapis.com/kubernetes",
            "maintenance_policy": [],
            "master_auth": [
              {
                "client_certificate": "",
                "client_certificate_config": [
                  {
                    "issue_client_certificate": false
                  }
                ],
                "client_key": "",
                "cluster_ca_certificate": "LS0tLS1CRUdJTiBDRVJUSUZJQ0FURS0tLS0tCk1JSUVMRENDQXBTZ0F3SUJBZ0lRZnRWUHNEaTJVMFRCNUdSNEVYci80akFOQmdrcWhraUc5dzBCQVFzRkFEQXYKTVMwd0t3WURWUVFERXlRd056RXpOVGd4TUMwMU1EQXdMVFF6T0dJdE9ERTRaaTFrWXpnMU16UmtPVEJpTXpBdwpJQmNOTWpNd09ERTFNRGt5TmpVM1doZ1BNakExTXpBNE1EY3hNREkyTlRkYU1DOHhMVEFyQmdOVkJBTVRKREEzCk1UTTFPREV3TFRVd01EQXRORE00WWkwNE1UaG1MV1JqT0RVek5HUTVNR0l6TURDQ0FhSXdEUVlKS29aSWh2Y04KQVFFQkJRQURnZ0dQQURDQ0FZb0NnZ0dCQUt2eFMxLzFhZmdNdVR3UVM3aDk1VVQ2V1ZVRG43SFFqbm1zeTl2RQpQR1N0TWh1QjBiaTdQZjMwMjA4Z3lmZkxYQ2hFRmcyOEZIVjQ2bmpuVmcvWlcyeW5WVmdkd0lXOVRRNHA3OXFlCjJrdW51dlBiR3NMSExTdEpWTzQzRG5GalloZGVxUGFDYVk3ZHZsdjdvS2NiZ3pCdEdtaCthYkdDYTY3eWJwZkYKOXEzOGh3cUlBMmlFL25RakR3WGNSeGRXZlF0Z3BqY2ZoYUJoVExobEh6S3hjZ1BWbCtHMXRSZDY1SGlxWVVJOApaU1gvWEgyL1plcUsxd0RJcXpDb0JEWjQvUWY0Z3hsSGF1b3VaUGVaYVh0T0RDKzRHQjd4bDA1aFJGNkRjT0VGCjRhWlR6d3dJN2JYbmJmdnNGa1k5b2VBWlIzQmUxNlpWcVYrakR6OWJycVVhbE1GVnRheXBKTGdIUktma3RObjAKUWc3TXA3WHNuMEV5aVJRaEY3QURrQ1hwUHJjVkY5QXMxVEhaN0YvK1JwTjg1bHdYbEFpVzlwSndBYzU4MzlCZwptcEp5ZTdFZ05XTytOK2lCYm1abDZJTXZrVmtGMEtINS9MeWkwd0UzeTFuSzU2bnpMZ2c2a3QzMlY0VER2c25vClJZeTFCc2VWOFh3bkhVWWVhZlZUL0lKcE93SURBUUFCbzBJd1FEQU9CZ05WSFE4QkFmOEVCQU1DQWdRd0R3WUQKVlIwVEFRSC9CQVV3QXdFQi96QWRCZ05WSFE0RUZnUVVwT3poc1RoYXEySWp4Y0pZMkJJTlZDTzkxaG93RFFZSgpLb1pJaHZjTkFRRUxCUUFEZ2dHQkFJWGNxdnl3dWxXUXM0TURTei9HSWUydlRRZnh6WG4waWJTRmNpMFRTa2NwClhBdlo3NDNmLzRja1N3U1RwNytqNllsOTdPWllXNVRYcDcxMDBPWFpiTnVEbkozWWhuRFdTM3R3WTFEVGJ3ME4Kc2JaSGhqSzBaVUJIckJ1bG5qN3djZngzMHJ5K1A2U0IycnFlY2FLbzRTbGJUcVA0UnkvcVZPVGFOS3Q3SWlBKwpSK0pkYThZemZHaXI1UVJSbHBCdHBjZkhBdXpIUUNqZjN0dERiK3lyaGxoc21SVFUxU0FZYTNEMk50OGZFMzNyCkpKZFB3Y0EvM3E2U0YraC9GNS9VQ3Q2dHBwZCsxWEJpWldoOHIwcXo2aHZLbnhveG16TVhQbFIzYkUxV3BaeFYKaVAvYzJZT2lCTHgwbGs1ZDBOTG5uMnNqb2t6clZaRHNDbVpiSkdyNkZhY3RBdzdEdnBJblJKUTJCWjhCdUdteQpSQW1uOTlkWEJFR1E2OXFCWmtXNGtuSVY5R2U0RXE5a2ZlQ2YyR1JldGlqL3dsMkNUZ201U2hsQUJZTWRHaVptCnhPU0lMc0c0S2doUjhnbGg5N0g5U1A3emNMdldCRStjMHBIWW84SzNxVWRrSHVvbXZRZmdOZlZKSWJxaXcxNHoKTHJxcTF4T3VhY3dLVzVoSy83Qyt1Zz09Ci0tLS0tRU5EIENFUlRJRklDQVRFLS0tLS0K"
              }
            ],
            "master_authorized_networks_config": [],
            "master_version": "1.27.3-gke.100",
            "mesh_certificates": [],
            "min_master_version": null,
            "monitoring_config": [
              {
                "enable_components": [
                  "SYSTEM_COMPONENTS"
                ],
                "managed_prometheus": [
                  {
                    "enabled": true
                  }
                ]
              }
            ],
            "monitoring_service": "monitoring.googleapis.com/kubernetes",
            "name": "flask-app-cluster",
            "network": "projects/neural-virtue-393306/global/networks/default",
            "network_policy": [
              {
                "enabled": false,
                "provider": "PROVIDER_UNSPECIFIED"
              }
            ],
            "networking_mode": "ROUTES",
            "node_config": [
              {
                "advanced_machine_features": [],
                "boot_disk_kms_key": "",
                "disk_size_gb": 100,
                "disk_type": "pd-balanced",
                "ephemeral_storage_local_ssd_config": [],
                "gcfs_config": [],
                "guest_accelerator": [],
                "gvnic": [],
                "host_maintenance_policy": [],
                "image_type": "COS_CONTAINERD",
                "kubelet_config": [],
                "labels": {},
                "linux_node_config": [],
                "local_nvme_ssd_block_config": [],
                "local_ssd_count": 0,
                "logging_variant": "DEFAULT",
                "machine_type": "e2-medium",
                "metadata": {
                  "disable-legacy-endpoints": "true"
                },
                "min_cpu_platform": "",
                "node_group": "",
                "oauth_scopes": [
                  "https://www.googleapis.com/auth/devstorage.read_only",
                  "https://www.googleapis.com/auth/logging.write",
                  "https://www.googleapis.com/auth/monitoring",
                  "https://www.googleapis.com/auth/service.management.readonly",
                  "https://www.googleapis.com/auth/servicecontrol",
                  "https://www.googleapis.com/auth/trace.append"
                ],
                "preemptible": false,
                "reservation_affinity": [],
                "resource_labels": {},
                "service_account": "default",
                "shielded_instance_config": [
                  {
                    "enable_integrity_monitoring": true,
                    "enable_secure_boot": false
                  }
                ],
                "sole_tenant_config": [],
                "spot": false,
                "tags": [],
                "taint": [],
                "workload_metadata_config": []
              }
            ],
            "node_locations": [
              "europe-west1-b",
              "europe-west1-c",
              "europe-west1-d"
            ],
            "node_pool": [
              {
                "autoscaling": [],
                "initial_node_count": 1,
                "instance_group_urls": [
                  "https://www.googleapis.com/compute/v1/projects/neural-virtue-393306/zones/europe-west1-d/instanceGroupManagers/gke-flask-app-cluster-default-pool-16ef5f1d-grp",
                  "https://www.googleapis.com/compute/v1/projects/neural-virtue-393306/zones/europe-west1-c/instanceGroupManagers/gke-flask-app-cluster-default-pool-2a35e950-grp",
                  "https://www.googleapis.com/compute/v1/projects/neural-virtue-393306/zones/europe-west1-b/instanceGroupManagers/gke-flask-app-cluster-default-pool-9550832b-grp"
                ],
                "managed_instance_group_urls": [
                  "https://www.googleapis.com/compute/v1/projects/neural-virtue-393306/zones/europe-west1-d/instanceGroups/gke-flask-app-cluster-default-pool-16ef5f1d-grp",
                  "https://www.googleapis.com/compute/v1/projects/neural-virtue-393306/zones/europe-west1-c/instanceGroups/gke-flask-app-cluster-default-pool-2a35e950-grp",
                  "https://www.googleapis.com/compute/v1/projects/neural-virtue-393306/zones/europe-west1-b/instanceGroups/gke-flask-app-cluster-default-pool-9550832b-grp"
                ],
                "management": [
                  {
                    "auto_repair": true,
                    "auto_upgrade": true
                  }
                ],
                "max_pods_per_node": 0,
                "name": "default-pool",
                "name_prefix": "",
                "network_config": [
                  {
                    "create_pod_range": false,
                    "enable_private_nodes": false,
                    "pod_cidr_overprovision_config": [],
                    "pod_ipv4_cidr_block": "",
                    "pod_range": ""
                  }
                ],
                "node_config": [
                  {
                    "advanced_machine_features": [],
                    "boot_disk_kms_key": "",
                    "disk_size_gb": 100,
                    "disk_type": "pd-balanced",
                    "ephemeral_storage_local_ssd_config": [],
                    "gcfs_config": [],
                    "guest_accelerator": [],
                    "gvnic": [],
                    "host_maintenance_policy": [],
                    "image_type": "COS_CONTAINERD",
                    "kubelet_config": [],
                    "labels": {},
                    "linux_node_config": [],
                    "local_nvme_ssd_block_config": [],
                    "local_ssd_count": 0,
                    "logging_variant": "DEFAULT",
                    "machine_type": "e2-medium",
                    "metadata": {
                      "disable-legacy-endpoints": "true"
                    },
                    "min_cpu_platform": "",
                    "node_group": "",
                    "oauth_scopes": [
                      "https://www.googleapis.com/auth/devstorage.read_only",
                      "https://www.googleapis.com/auth/logging.write",
                      "https://www.googleapis.com/auth/monitoring",
                      "https://www.googleapis.com/auth/service.management.readonly",
                      "https://www.googleapis.com/auth/servicecontrol",
                      "https://www.googleapis.com/auth/trace.append"
                    ],
                    "preemptible": false,
                    "reservation_affinity": [],
                    "resource_labels": {},
                    "service_account": "default",
                    "shielded_instance_config": [
                      {
                        "enable_integrity_monitoring": true,
                        "enable_secure_boot": false
                      }
                    ],
                    "sole_tenant_config": [],
                    "spot": false,
                    "tags": [],
                    "taint": [],
                    "workload_metadata_config": []
                  }
                ],
                "node_count": 1,
                "node_locations": [
                  "europe-west1-b",
                  "europe-west1-c",
                  "europe-west1-d"
                ],
                "placement_policy": [],
                "upgrade_settings": [
                  {
                    "blue_green_settings": [],
                    "max_surge": 1,
                    "max_unavailable": 0,
                    "strategy": "SURGE"
                  }
                ],
                "version": "1.27.3-gke.100"
              }
            ],
            "node_pool_defaults": [
              {
                "node_config_defaults": [
                  {
                    "logging_variant": "DEFAULT"
                  }
                ]
              }
            ],
            "node_version": "1.27.3-gke.100",
            "notification_config": [
              {
                "pubsub": [
                  {
                    "enabled": false,
                    "filter": [],
                    "topic": ""
                  }
                ]
              }
            ],
            "operation": null,
            "private_cluster_config": [
              {
                "enable_private_endpoint": false,
                "enable_private_nodes": false,
                "master_global_access_config": [
                  {
                    "enabled": false
                  }
                ],
                "master_ipv4_cidr_block": "",
                "peering_name": "",
                "private_endpoint": "10.132.0.20",
                "private_endpoint_subnetwork": "",
                "public_endpoint": "35.240.69.86"
              }
            ],
            "private_ipv6_google_access": "",
            "project": "neural-virtue-393306",
            "release_channel": [
              {
                "channel": "REGULAR"
              }
            ],
            "remove_default_node_pool": null,
            "resource_labels": null,
            "resource_usage_export_config": [],
            "security_posture_config": [
              {
                "mode": "MODE_UNSPECIFIED",
                "vulnerability_mode": "VULNERABILITY_MODE_UNSPECIFIED"
              }
            ],
            "self_link": "https://container.googleapis.com/v1/projects/neural-virtue-393306/locations/europe-west1/clusters/flask-app-cluster",
            "service_external_ips_config": [
              {
                "enabled": false
              }
            ],
            "services_ipv4_cidr": "10.3.240.0/20",
            "subnetwork": "projects/neural-virtue-393306/regions/europe-west1/subnetworks/default",
            "timeouts": null,
            "tpu_ipv4_cidr_block": "",
            "vertical_pod_autoscaling": [],
            "workload_identity_config": []
          },
          "sensitive_attributes": [],
          "private": "eyJlMmJmYjczMC1lY2FhLTExZTYtOGY4OC0zNDM2M2JjN2M0YzAiOnsiY3JlYXRlIjoyNDAwMDAwMDAwMDAwLCJkZWxldGUiOjI0MDAwMDAwMDAwMDAsInJlYWQiOjI0MDAwMDAwMDAwMDAsInVwZGF0ZSI6MzYwMDAwMDAwMDAwMH0sInNjaGVtYV92ZXJzaW9uIjoiMSJ9"
        }
      ]
    },
    {
      "mode": "managed",
      "type": "null_resource",
      "name": "apply_manifests",
      "provider": "provider[\"registry.terraform.io/hashicorp/null\"]",
      "instances": [
        {
          "schema_version": 0,
          "attributes": {
            "id": "7547952422925054963",
            "triggers": {
              "cluster_name": "flask-app-cluster"
            }
          },
          "sensitive_attributes": [],
          "dependencies": [
            "google_container_cluster.example"
          ]
        }
      ]
    }
  ],
  "check_results": null
}
